
Microsoft Visual Studio Solution File, Format Version 12.00
# Visual Studio 2013
VisualStudioVersion = 12.0.31101.0
MinimumVisualStudioVersion = 10.0.40219.1
Project("{2150E333-8FDC-42A3-9474-1A3956D46DE8}") = "DirectXTestApp", "DirectXTestApp", "{F537924C-16C8-4ACB-9CB4-67FA44BD1240}"
EndProject
Project("{8BC9CEB8-8B4A-11D0-8D11-00A0C91BC942}") = "DirectXTestApp.Shared", "DirectXTestApp\DirectXTestApp.Shared\DirectXTestApp.Shared.vcxitems", "{CEA81499-9436-4C98-9D19-3D364E4152EA}"
EndProject
Project("{8BC9CEB8-8B4A-11D0-8D11-00A0C91BC942}") = "DirectXTestApp.Windows", "DirectXTestApp\DirectXTestApp.Windows\DirectXTestApp.Windows.vcxproj", "{A804B7D7-43CB-4029-BEF5-BAA64C8E64F5}"
EndProject
Project("{8BC9CEB8-8B4A-11D0-8D11-00A0C91BC942}") = "DirectXTestApp.WindowsPhone", "DirectXTestApp\DirectXTestApp.WindowsPhone\DirectXTestApp.WindowsPhone.vcxproj", "{30B2B659-3481-44DF-8DC5-4C761EAEB141}"
EndProject
Global
	GlobalSection(SharedMSBuildProjectFiles) = preSolution
		DirectXTestApp\DirectXTestApp.Shared\DirectXTestApp.Shared.vcxitems*{30b2b659-3481-44df-8dc5-4c761eaeb141}*SharedItemsImports = 4
		DirectXTestApp\DirectXTestApp.Shared\DirectXTestApp.Shared.vcxitems*{a804b7d7-43cb-4029-bef5-baa64c8e64f5}*SharedItemsImports = 4
		DirectXTestApp\DirectXTestApp.Shared\DirectXTestApp.Shared.vcxitems*{cea81499-9436-4c98-9d19-3d364e4152ea}*SharedItemsImports = 9
	EndGlobalSection
	GlobalSection(SolutionConfigurationPlatforms) = preSolution
		Debug|ARM = Debug|ARM
		Debug|Win32 = Debug|Win32
		Debug|x64 = Debug|x64
		Release|ARM = Release|ARM
		Release|Win32 = Release|Win32
		Release|x64 = Release|x64
	EndGlobalSection
	GlobalSection(ProjectConfigurationPlatforms) = postSolution
		{A804B7D7-43CB-4029-BEF5-BAA64C8E64F5}.Debug|ARM.ActiveCfg = Debug|ARM
		{A804B7D7-43CB-4029-BEF5-BAA64C8E64F5}.Debug|ARM.Build.0 = Debug|ARM
		{A804B7D7-43CB-4029-BEF5-BAA64C8E64F5}.Debug|ARM.Deploy.0 = Debug|ARM
		{A804B7D7-43CB-4029-BEF5-BAA64C8E64F5}.Debug|Win32.ActiveCfg = Debug|Win32
		{A804B7D7-43CB-4029-BEF5-BAA64C8E64F5}.Debug|Win32.Build.0 = Debug|Win32
		{A804B7D7-43CB-4029-BEF5-BAA64C8E64F5}.Debug|Win32.Deploy.0 = Debug|Win32
		{A804B7D7-43CB-4029-BEF5-BAA64C8E64F5}.Debug|x64.ActiveCfg = Debug|x64
		{A804B7D7-43CB-4029-BEF5-BAA64C8E64F5}.Debug|x64.Build.0 = Debug|x64
		{A804B7D7-43CB-4029-BEF5-BAA64C8E64F5}.Debug|x64.Deploy.0 = Debug|x64
		{A804B7D7-43CB-4029-BEF5-BAA64C8E64F5}.Release|ARM.ActiveCfg = Release|ARM
		{A804B7D7-43CB-4029-BEF5-BAA64C8E64F5}.Release|ARM.Build.0 = Release|ARM
		{A804B7D7-43CB-4029-BEF5-BAA64C8E64F5}.Release|ARM.Deploy.0 = Release|ARM
		{A804B7D7-43CB-4029-BEF5-BAA64C8E64F5}.Release|Win32.ActiveCfg = Release|Win32
		{A804B7D7-43CB-4029-BEF5-BAA64C8E64F5}.Release|Win32.Build.0 = Release|Win32
		{A804B7D7-43CB-4029-BEF5-BAA64C8E64F5}.Release|Win32.Deploy.0 = Release|Win32
		{A804B7D7-43CB-4029-BEF5-BAA64C8E64F5}.Release|x64.ActiveCfg = Release|x64
		{A804B7D7-43CB-4029-BEF5-BAA64C8E64F5}.Release|x64.Build.0 = Release|x64
		{A804B7D7-43CB-4029-BEF5-BAA64C8E64F5}.Release|x64.Deploy.0 = Release|x64
		{30B2B659-3481-44DF-8DC5-4C761EAEB141}.Debug|ARM.ActiveCfg = Debug|ARM
		{30B2B659-3481-44DF-8DC5-4C761EAEB141}.Debug|ARM.Build.0 = Debug|ARM
		{30B2B659-3481-44DF-8DC5-4C761EAEB141}.Debug|ARM.Deploy.0 = Debug|ARM
		{30B2B659-3481-44DF-8DC5-4C761EAEB141}.Debug|Win32.ActiveCfg = Debug|Win32
		{30B2B659-3481-44DF-8DC5-4C761EAEB141}.Debug|Win32.Build.0 = Debug|Win32
		{30B2B659-3481-44DF-8DC5-4C761EAEB141}.Debug|Win32.Deploy.0 = Debug|Win32
		{30B2B659-3481-44DF-8DC5-4C761EAEB141}.Debug|x64.ActiveCfg = Debug|Win32
		{30B2B659-3481-44DF-8DC5-4C761EAEB141}.Release|ARM.ActiveCfg = Release|ARM
		{30B2B659-3481-44DF-8DC5-4C761EAEB141}.Release|ARM.Build.0 = Release|ARM
		{30B2B659-3481-44DF-8DC5-4C761EAEB141}.Release|ARM.Deploy.0 = Release|ARM
		{30B2B659-3481-44DF-8DC5-4C761EAEB141}.Release|Win32.ActiveCfg = Release|Win32
		{30B2B659-3481-44DF-8DC5-4C761EAEB141}.Release|Win32.Build.0 = Release|Win32
		{30B2B659-3481-44DF-8DC5-4C761EAEB141}.Release|Win32.Deploy.0 = Release|Win32
		{30B2B659-3481-44DF-8DC5-4C761EAEB141}.Release|x64.ActiveCfg = Release|Win32
	EndGlobalSection
	GlobalSection(SolutionProperties) = preSolution
		HideSolutionNode = FALSE
	EndGlobalSection
	GlobalSection(NestedProjects) = preSolution
		{CEA81499-9436-4C98-9D19-3D364E4152EA} = {F537924C-16C8-4ACB-9CB4-67FA44BD1240}
		{A804B7D7-43CB-4029-BEF5-BAA64C8E64F5} = {F537924C-16C8-4ACB-9CB4-67FA44BD1240}
		{30B2B659-3481-44DF-8DC5-4C761EAEB141} = {F537924C-16C8-4ACB-9CB4-67FA44BD1240}
	EndGlobalSection
EndGlobal
